// !$*UTF8*$!
{
	archiveVersion = 1;
	classes = {
	};
	objectVersion = 46;
	objects = {

/* Begin PBXBuildFile section */
		FF5C1F401D40A4DD00094815 /* main.m in Sources */ = {isa = PBXBuildFile; fileRef = FF5C1F3F1D40A4DD00094815 /* main.m */; };
		FF5C1F431D40A4DD00094815 /* AppDelegate.m in Sources */ = {isa = PBXBuildFile; fileRef = FF5C1F421D40A4DD00094815 /* AppDelegate.m */; };
		FF5C1F461D40A4DD00094815 /* ViewController.m in Sources */ = {isa = PBXBuildFile; fileRef = FF5C1F451D40A4DD00094815 /* ViewController.m */; };
		FF5C1F491D40A4DD00094815 /* Main.storyboard in Resources */ = {isa = PBXBuildFile; fileRef = FF5C1F471D40A4DD00094815 /* Main.storyboard */; };
		FF5C1F4B1D40A4DD00094815 /* Assets.xcassets in Resources */ = {isa = PBXBuildFile; fileRef = FF5C1F4A1D40A4DD00094815 /* Assets.xcassets */; };
		FF5C1F4E1D40A4DD00094815 /* LaunchScreen.storyboard in Resources */ = {isa = PBXBuildFile; fileRef = FF5C1F4C1D40A4DD00094815 /* LaunchScreen.storyboard */; };
/* End PBXBuildFile section */

/* Begin PBXFileReference section */
		FF5C1F3B1D40A4DD00094815 /* ZMWYYModel.app */ = {isa = PBXFileReference; explicitFileType = wrapper.application; includeInIndex = 0; path = ZMWYYModel.app; sourceTree = BUILT_PRODUCTS_DIR; };
		FF5C1F3F1D40A4DD00094815 /* main.m */ = {isa = PBXFileReference; lastKnownFileType = sourcecode.c.objc; path = main.m; sourceTree = "<group>"; };
		FF5C1F411D40A4DD00094815 /* AppDelegate.h */ = {isa = PBXFileReference; lastKnownFileType = sourcecode.c.h; path = AppDelegate.h; sourceTree = "<group>"; };
		FF5C1F421D40A4DD00094815 /* AppDelegate.m */ = {isa = PBXFileReference; lastKnownFileType = sourcecode.c.objc; path = AppDelegate.m; sourceTree = "<group>"; };
		FF5C1F441D40A4DD00094815 /* ViewController.h */ = {isa = PBXFileReference; lastKnownFileType = sourcecode.c.h; path = ViewController.h; sourceTree = "<group>"; };
		FF5C1F451D40A4DD00094815 /* ViewController.m */ = {isa = PBXFileReference; lastKnownFileType = sourcecode.c.objc; path = ViewController.m; sourceTree = "<group>"; };
		FF5C1F481D40A4DD00094815 /* Base */ = {isa = PBXFileReference; lastKnownFileType = file.storyboard; name = Base; path = Base.lproj/Main.storyboard; sourceTree = "<group>"; };
		FF5C1F4A1D40A4DD00094815 /* Assets.xcassets */ = {isa = PBXFileReference; lastKnownFileType = folder.assetcatalog; path = Assets.xcassets; sourceTree = "<group>"; };
		FF5C1F4D1D40A4DD00094815 /* Base */ = {isa = PBXFileReference; lastKnownFileType = file.storyboard; name = Base; path = Base.lproj/LaunchScreen.storyboard; sourceTree = "<group>"; };
		FF5C1F4F1D40A4DD00094815 /* Info.plist */ = {isa = PBXFileReference; lastKnownFileType = text.plist.xml; path = Info.plist; sourceTree = "<group>"; };
/* End PBXFileReference section */

/* Begin PBXFrameworksBuildPhase section */
		FF5C1F381D40A4DD00094815 /* Frameworks */ = {
			isa = PBXFrameworksBuildPhase;
			buildActionMask = 2147483647;
			files = (
			);
			runOnlyForDeploymentPostprocessing = 0;
		};
/* End PBXFrameworksBuildPhase section */

/* Begin PBXGroup section */
		FF5C1F321D40A4DD00094815 = {
			isa = PBXGroup;
			children = (
				FF5C1F3D1D40A4DD00094815 /* ZMWYYModel */,
				FF5C1F3C1D40A4DD00094815 /* Products */,
			);
			sourceTree = "<group>";
		};
		FF5C1F3C1D40A4DD00094815 /* Products */ = {
			isa = PBXGroup;
			children = (
				FF5C1F3B1D40A4DD00094815 /* ZMWYYModel.app */,
			);
			name = Products;
			sourceTree = "<group>";
		};
		FF5C1F3D1D40A4DD00094815 /* ZMWYYModel */ = {
			isa = PBXGroup;
			children = (
				FF5C1F411D40A4DD00094815 /* AppDelegate.h */,
				FF5C1F421D40A4DD00094815 /* AppDelegate.m */,
				FF5C1F441D40A4DD00094815 /* ViewController.h */,
				FF5C1F451D40A4DD00094815 /* ViewController.m */,
				FF5C1F471D40A4DD00094815 /* Main.storyboard */,
				FF5C1F4A1D40A4DD00094815 /* Assets.xcassets */,
				FF5C1F4C1D40A4DD00094815 /* LaunchScreen.storyboard */,
				FF5C1F4F1D40A4DD00094815 /* Info.plist */,
				FF5C1F3E1D40A4DD00094815 /* Supporting Files */,
			);
			path = ZMWYYModel;
			sourceTree = "<group>";
		};
		FF5C1F3E1D40A4DD00094815 /* Supporting Files */ = {
			isa = PBXGroup;
			children = (
				FF5C1F3F1D40A4DD00094815 /* main.m */,
			);
			name = "Supporting Files";
			sourceTree = "<group>";
		};
/* End PBXGroup section */

/* Begin PBXNativeTarget section */
		FF5C1F3A1D40A4DD00094815 /* ZMWYYModel */ = {
			isa = PBXNativeTarget;
			buildConfigurationList = FF5C1F521D40A4DD00094815 /* Build configuration list for PBXNativeTarget "ZMWYYModel" */;
			buildPhases = (
				FF5C1F371D40A4DD00094815 /* Sources */,
				FF5C1F381D40A4DD00094815 /* Frameworks */,
				FF5C1F391D40A4DD00094815 /* Resources */,
			);
			buildRules = (
			);
			dependencies = (
			);
			name = ZMWYYModel;
			productName = ZMWYYModel;
			productReference = FF5C1F3B1D40A4DD00094815 /* ZMWYYModel.app */;
			productType = "com.apple.product-type.application";
		};
/* End PBXNativeTarget section */

/* Begin PBXProject section */
		FF5C1F331D40A4DD00094815 /* Project object */ = {
			isa = PBXProject;
			attributes = {
				LastUpgradeCheck = 0730;
				ORGANIZATIONNAME = speedx;
				TargetAttributes = {
					FF5C1F3A1D40A4DD00094815 = {
						CreatedOnToolsVersion = 7.3.1;
					};
				};
			};
			buildConfigurationList = FF5C1F361D40A4DD00094815 /* Build configuration list for PBXProject "ZMWYYModel" */;
			compatibilityVersion = "Xcode 3.2";
			developmentRegion = English;
			hasScannedForEncodings = 0;
			knownRegions = (
				en,
				Base,
			);
			mainGroup = FF5C1F321D40A4DD00094815;
			productRefGroup = FF5C1F3C1D40A4DD00094815 /* Products */;
			projectDirPath = "";
			projectRoot = "";
			targets = (
				FF5C1F3A1D40A4DD00094815 /* ZMWYYModel */,
			);
		};
/* End PBXProject section */

/* Begin PBXResourcesBuildPhase section */
		FF5C1F391D40A4DD00094815 /* Resources */ = {
			isa = PBXResourcesBuildPhase;
			buildActionMask = 2147483647;
			files = (
				FF5C1F4E1D40A4DD00094815 /* LaunchScreen.storyboard in Resources */,
				FF5C1F4B1D40A4DD00094815 /* Assets.xcassets in Resources */,
				FF5C1F491D40A4DD00094815 /* Main.storyboard in Resources */,
			);
			runOnlyForDeploymentPostprocessing = 0;
		};
/* End PBXResourcesBuildPhase section */

/* Begin PBXSourcesBuildPhase section */
		FF5C1F371D40A4DD00094815 /* Sources */ = {
			isa = PBXSourcesBuildPhase;
			buildActionMask = 2147483647;
			files = (
				FF5C1F461D40A4DD00094815 /* ViewController.m in Sources */,
				FF5C1F431D40A4DD00094815 /* AppDelegate.m in Sources */,
				FF5C1F401D40A4DD00094815 /* main.m in Sources */,
			);
			runOnlyForDeploymentPostprocessing = 0;
		};
/* End PBXSourcesBuildPhase section */

/* Begin PBXVariantGroup section */
		FF5C1F471D40A4DD00094815 /* Main.storyboard */ = {
			isa = PBXVariantGroup;
			children = (
				FF5C1F481D40A4DD00094815 /* Base */,
			);
			name = Main.storyboard;
			sourceTree = "<group>";
		};
		FF5C1F4C1D40A4DD00094815 /* LaunchScreen.storyboard */ = {
			isa = PBXVariantGroup;
			children = (
				FF5C1F4D1D40A4DD00094815 /* Base */,
			);
			name = LaunchScreen.storyboard;
			sourceTree = "<group>";
		};
/* End PBXVariantGroup section */

/* Begin XCBuildConfiguration section */
		FF5C1F501D40A4DD00094815 /* Debug */ = {
			isa = XCBuildConfiguration;
			buildSettings = {
				ALWAYS_SEARCH_USER_PATHS = NO;
				CLANG_ANALYZER_NONNULL = YES;
				CLANG_CXX_LANGUAGE_STANDARD = "gnu++0x";
				CLANG_CXX_LIBRARY = "libc++";
				CLANG_ENABLE_MODULES = YES;
				CLANG_ENABLE_OBJC_ARC = YES;
				CLANG_WARN_BOOL_CONVERSION = YES;
				CLANG_WARN_CONSTANT_CONVERSION = YES;
				CLANG_WARN_DIRECT_OBJC_ISA_USAGE = YES_ERROR;
				CLANG_WARN_EMPTY_BODY = YES;
				CLANG_WARN_ENUM_CONVERSION = YES;
				CLANG_WARN_INT_CONVERSION = YES;
				CLANG_WARN_OBJC_ROOT_CLASS = YES_ERROR;
				CLANG_WARN_UNREACHABLE_CODE = YES;
				CLANG_WARN__DUPLICATE_METHOD_MATCH = YES;
				"CODE_SIGN_IDENTITY[sdk=iphoneos*]" = "iPhone Developer";
				COPY_PHASE_STRIP = NO;
				DEBUG_INFORMATION_FORMAT = dwarf;
				ENABLE_STRICT_OBJC_MSGSEND = YES;
				ENABLE_TESTABILITY = YES;
				GCC_C_LANGUAGE_STANDARD = gnu99;
				GCC_DYNAMIC_NO_PIC = NO;
				GCC_NO_COMMON_BLOCKS = YES;
				GCC_OPTIMIZATION_LEVEL = 0;
				GCC_PREPROCESSOR_DEFINITIONS = (
					"DEBUG=1",
					"$(inherited)",
				);
				GCC_WARN_64_TO_32_BIT_CONVERSION = YES;
				GCC_WARN_ABOUT_RETURN_TYPE = YES_ERROR;
				GCC_WARN_UNDECLARED_SELECTOR = YES;
				GCC_WARN_UNINITIALIZED_AUTOS = YES_AGGRESSIVE;
				GCC_WARN_UNUSED_FUNCTION = YES;
				GCC_WARN_UNUSED_VARIABLE = YES;
				IPHONEOS_DEPLOYMENT_TARGET = 9.3;
				MTL_ENABLE_DEBUG_INFO = YES;
				ONLY_ACTIVE_ARCH = YES;
				SDKROOT = iphoneos;
			};
			name = Debug;
		};
		FF5C1F511D40A4DD00094815 /* Release */ = {
			isa = XCBuildConfiguration;
			buildSettings = {
				ALWAYS_SEARCH_USER_PATHS = NO;
				CLANG_ANALYZER_NONNULL = YES;
				CLANG_CXX_LANGUAGE_STANDARD = "gnu++0x";
				CLANG_CXX_LIBRARY = "libc++";
				CLANG_ENABLE_MODULES = YES;
				CLANG_ENABLE_OBJC_ARC = YES;
				CLANG_WARN_BOOL_CONVERSION = YES;
				CLANG_WARN_CONSTANT_CONVERSION = YES;
				CLANG_WARN_DIRECT_OBJC_ISA_USAGE = YES_ERROR;
				CLANG_WARN_EMPTY_BODY = YES;
				CLANG_WARN_ENUM_CONVERSION = YES;
				CLANG_WARN_INT_CONVERSION = YES;
				CLANG_WARN_OBJC_ROOT_CLASS = YES_ERROR;
				CLANG_WARN_UNREACHABLE_CODE = YES;
				CLANG_WARN__DUPLICATE_METHOD_MATCH = YES;
				"CODE_SIGN_IDENTITY[sdk=iphoneos*]" = "iPhone Developer";
				COPY_PHASE_STRIP = NO;
				DEBUG_INFORMATION_FORMAT = "dwarf-with-dsym";
				ENABLE_NS_ASSERTIONS = NO;
				ENABLE_STRICT_OBJC_MSGSEND = YES;
				GCC_C_LANGUAGE_STANDARD = gnu99;
				GCC_NO_COMMON_BLOCKS = YES;
				GCC_WARN_64_TO_32_BIT_CONVERSION = YES;
				GCC_WARN_ABOUT_RETURN_TYPE = YES_ERROR;
				GCC_WARN_UNDECLARED_SELECTOR = YES;
				GCC_WARN_UNINITIALIZED_AUTOS = YES_AGGRESSIVE;
				GCC_WARN_UNUSED_FUNCTION = YES;
				GCC_WARN_UNUSED_VARIABLE = YES;
				IPHONEOS_DEPLOYMENT_TARGET = 9.3;
				MTL_ENABLE_DEBUG_INFO = NO;
				SDKROOT = iphoneos;
				VALIDATE_PRODUCT = YES;
			};
			name = Release;
		};
		FF5C1F531D40A4DD00094815 /* Debug */ = {
			isa = XCBuildConfiguration;
			buildSettings = {
				ASSETCATALOG_COMPILER_APPICON_NAME = AppIcon;
				INFOPLIST_FILE = ZMWYYModel/Info.plist;
				LD_RUNPATH_SEARCH_PATHS = "$(inherited) @executable_path/Frameworks";
				PRODUCT_BUNDLE_IDENTIFIER = com.ZMWYYModel;
				PRODUCT_NAME = "$(TARGET_NAME)";
			};
			name = Debug;
		};
		FF5C1F541D40A4DD00094815 /* Release */ = {
			isa = XCBuildConfiguration;
			buildSettings = {
				ASSETCATALOG_COMPILER_APPICON_NAME = AppIcon;
				INFOPLIST_FILE = ZMWYYModel/Info.plist;
				LD_RUNPATH_SEARCH_PATHS = "$(inherited) @executable_path/Frameworks";
				PRODUCT_BUNDLE_IDENTIFIER = com.ZMWYYModel;
				PRODUCT_NAME = "$(TARGET_NAME)";
			};
			name = Release;
		};
/* End XCBuildConfiguration section */

/* Begin XCConfigurationList section */
		FF5C1F361D40A4DD00094815 /* Build configuration list for PBXProject "ZMWYYModel" */ = {
			isa = XCConfigurationList;
			buildConfigurations = (
				FF5C1F501D40A4DD00094815 /* Debug */,
				FF5C1F511D40A4DD00094815 /* Release */,
			);
			defaultConfigurationIsVisible = 0;
			defaultConfigurationName = Release;
		};
		FF5C1F521D40A4DD00094815 /* Build configuration list for PBXNativeTarget "ZMWYYModel" */ = {
			isa = XCConfigurationList;
			buildConfigurations = (
				FF5C1F531D40A4DD00094815 /* Debug */,
				FF5C1F541D40A4DD00094815 /* Release */,
			);
			defaultConfigurationIsVisible = 0;
		};
/* End XCConfigurationList section */
	};
	rootObject = FF5C1F331D40A4DD00094815 /* Project object */;
}
